{
  "name": "demo",
  "version": "1.0.0",
  "lockfileVersion": 1,
  "requires": true,
  "dependencies": {
    "@discoveryjs/json-ext": {
      "version": "0.5.5",
      "resolved": "https://registry.nlark.com/@discoveryjs/json-ext/download/@discoveryjs/json-ext-0.5.5.tgz",
      "integrity": "sha1-koPJzlsomjxPYcEnV0aeWTd/gfM=",
      "dev": true
    },
    "@jridgewell/gen-mapping": {
      "version": "0.3.2",
      "resolved": "https://registry.npmjs.org/@jridgewell/gen-mapping/-/gen-mapping-0.3.2.tgz",
      "integrity": "sha512-mh65xKQAzI6iBcFzwv28KVWSmCkdRBWoOh+bYQGW3+6OZvbbN3TqMGo5hqYxQniRcH9F2VZIoJCm4pa3BPDK/A==",
      "dev": true,
      "requires": {
        "@jridgewell/set-array": "^1.0.1",
        "@jridgewell/sourcemap-codec": "^1.4.10",
        "@jridgewell/trace-mapping": "^0.3.9"
      }
    },
    "@jridgewell/resolve-uri": {
      "version": "3.1.0",
      "resolved": "https://registry.npmjs.org/@jridgewell/resolve-uri/-/resolve-uri-3.1.0.tgz",
      "integrity": "sha512-F2msla3tad+Mfht5cJq7LSXcdudKTWCVYUgw6pLFOOHSTtZlj6SWNYAp+AhuqLmWdBO2X5hPrLcu8cVP8fy28w==",
      "dev": true
    },
    "@jridgewell/set-array": {
      "version": "1.1.2",
      "resolved": "https://registry.npmjs.org/@jridgewell/set-array/-/set-array-1.1.2.tgz",
      "integrity": "sha512-xnkseuNADM0gt2bs+BvhO0p78Mk762YnZdsuzFV018NoG1Sj1SCQvpSqa7XUaTam5vAGasABV9qXASMKnFMwMw==",
      "dev": true
    },
    "@jridgewell/source-map": {
      "version": "0.3.2",
      "resolved": "https://registry.npmjs.org/@jridgewell/source-map/-/source-map-0.3.2.tgz",
      "integrity": "sha512-m7O9o2uR8k2ObDysZYzdfhb08VuEml5oWGiosa1VdaPZ/A6QyPkAJuwN0Q1lhULOf6B7MtQmHENS743hWtCrgw==",
      "dev": true,
      "requires": {
        "@jridgewell/gen-mapping": "^0.3.0",
        "@jridgewell/trace-mapping": "^0.3.9"
      }
    },
    "@jridgewell/sourcemap-codec": {
      "version": "1.4.14",
      "resolved": "https://registry.npmjs.org/@jridgewell/sourcemap-codec/-/sourcemap-codec-1.4.14.tgz",
      "integrity": "sha512-XPSJHWmi394fuUuzDnGz1wiKqWfo1yXecHQMRf2l6hztTO+nPru658AyDngaBe7isIxEkRsPR3FZh+s7iVa4Uw==",
      "dev": true
    },
    "@jridgewell/trace-mapping": {
      "version": "0.3.14",
      "resolved": "https://registry.npmjs.org/@jridgewell/trace-mapping/-/trace-mapping-0.3.14.tgz",
      "integrity": "sha512-bJWEfQ9lPTvm3SneWwRFVLzrh6nhjwqw7TUFFBEMzwvg7t7PCDenf2lDwqo4NQXzdpgBXyFgDWnQA+2vkruksQ==",
      "dev": true,
      "requires": {
        "@jridgewell/resolve-uri": "^3.0.3",
        "@jridgewell/sourcemap-codec": "^1.4.10"
      }
    },
    "@types/eslint": {
      "version": "7.28.0",
      "resolved": "https://registry.nlark.com/@types/eslint/download/@types/eslint-7.28.0.tgz?cache=0&sync_timestamp=1629707594595&other_urls=https%3A%2F%2Fregistry.nlark.com%2F%40types%2Feslint%2Fdownload%2F%40types%2Feslint-7.28.0.tgz",
      "integrity": "sha1-fkHySB0wHGjhT0g/4QsBd1POjVo=",
      "dev": true,
      "requires": {
        "@types/estree": "*",
        "@types/json-schema": "*"
      }
    },
    "@types/eslint-scope": {
      "version": "3.7.1",
      "resolved": "https://registry.nlark.com/@types/eslint-scope/download/@types/eslint-scope-3.7.1.tgz",
      "integrity": "sha1-jcOQp7T53Z8ShGKe/OmC5BYSEW4=",
      "dev": true,
      "requires": {
        "@types/eslint": "*",
        "@types/estree": "*"
      }
    },
    "@types/estree": {
      "version": "0.0.50",
      "resolved": "https://registry.nlark.com/@types/estree/download/@types/estree-0.0.50.tgz",
      "integrity": "sha1-Hgyqk2TT/M0pMcPtlv2+ql1MyoM=",
      "dev": true
    },
    "@types/json-schema": {
      "version": "7.0.9",
      "resolved": "https://registry.nlark.com/@types/json-schema/download/@types/json-schema-7.0.9.tgz?cache=0&sync_timestamp=1629708189890&other_urls=https%3A%2F%2Fregistry.nlark.com%2F%40types%2Fjson-schema%2Fdownload%2F%40types%2Fjson-schema-7.0.9.tgz",
      "integrity": "sha1-l+3JA36gw4WFMgsolk3eOznkZg0=",
      "dev": true
    },
    "@types/node": {
      "version": "16.9.4",
      "resolved": "https://registry.nlark.com/@types/node/download/@types/node-16.9.4.tgz?cache=0&sync_timestamp=1632074595054&other_urls=https%3A%2F%2Fregistry.nlark.com%2F%40types%2Fnode%2Fdownload%2F%40types%2Fnode-16.9.4.tgz",
      "integrity": "sha1-oS8O54R88XqX9v3xCTy3qa8jzKQ=",
      "dev": true
    },
    "@webassemblyjs/ast": {
      "version": "1.11.1",
      "resolved": "https://registry.nlark.com/@webassemblyjs/ast/download/@webassemblyjs/ast-1.11.1.tgz?cache=0&sync_timestamp=1625473466238&other_urls=https%3A%2F%2Fregistry.nlark.com%2F%40webassemblyjs%2Fast%2Fdownload%2F%40webassemblyjs%2Fast-1.11.1.tgz",
      "integrity": "sha1-K/12fq4aaZb0Mv9+jX/HVnnAtqc=",
      "dev": true,
      "requires": {
        "@webassemblyjs/helper-numbers": "1.11.1",
        "@webassemblyjs/helper-wasm-bytecode": "1.11.1"
      }
    },
    "@webassemblyjs/floating-point-hex-parser": {
      "version": "1.11.1",
      "resolved": "https://registry.nlark.com/@webassemblyjs/floating-point-hex-parser/download/@webassemblyjs/floating-point-hex-parser-1.11.1.tgz?cache=0&sync_timestamp=1625473463638&other_urls=https%3A%2F%2Fregistry.nlark.com%2F%40webassemblyjs%2Ffloating-point-hex-parser%2Fdownload%2F%40webassemblyjs%2Ffloating-point-hex-parser-1.11.1.tgz",
      "integrity": "sha1-9sYacF8P16auyqToGY8j2dwXnk8=",
      "dev": true
    },
    "@webassemblyjs/helper-api-error": {
      "version": "1.11.1",
      "resolved": "https://registry.nlark.com/@webassemblyjs/helper-api-error/download/@webassemblyjs/helper-api-error-1.11.1.tgz?cache=0&sync_timestamp=1625473346773&other_urls=https%3A%2F%2Fregistry.nlark.com%2F%40webassemblyjs%2Fhelper-api-error%2Fdownload%2F%40webassemblyjs%2Fhelper-api-error-1.11.1.tgz",
      "integrity": "sha1-GmMZLYeI5cASgAump6RscFKI/RY=",
      "dev": true
    },
    "@webassemblyjs/helper-buffer": {
      "version": "1.11.1",
      "resolved": "https://registry.nlark.com/@webassemblyjs/helper-buffer/download/@webassemblyjs/helper-buffer-1.11.1.tgz?cache=0&sync_timestamp=1625473462686&other_urls=https%3A%2F%2Fregistry.nlark.com%2F%40webassemblyjs%2Fhelper-buffer%2Fdownload%2F%40webassemblyjs%2Fhelper-buffer-1.11.1.tgz",
      "integrity": "sha1-gyqQDrREiEzemnytRn+BUA9eWrU=",
      "dev": true
    },
    "@webassemblyjs/helper-numbers": {
      "version": "1.11.1",
      "resolved": "https://registry.nlark.com/@webassemblyjs/helper-numbers/download/@webassemblyjs/helper-numbers-1.11.1.tgz?cache=0&sync_timestamp=1625473520575&other_urls=https%3A%2F%2Fregistry.nlark.com%2F%40webassemblyjs%2Fhelper-numbers%2Fdownload%2F%40webassemblyjs%2Fhelper-numbers-1.11.1.tgz",
      "integrity": "sha1-ZNgdohn7u6HjvRv8dPboxOEKYq4=",
      "dev": true,
      "requires": {
        "@webassemblyjs/floating-point-hex-parser": "1.11.1",
        "@webassemblyjs/helper-api-error": "1.11.1",
        "@xtuc/long": "4.2.2"
      }
    },
    "@webassemblyjs/helper-wasm-bytecode": {
      "version": "1.11.1",
      "resolved": "https://registry.nlark.com/@webassemblyjs/helper-wasm-bytecode/download/@webassemblyjs/helper-wasm-bytecode-1.11.1.tgz",
      "integrity": "sha1-8ygkHkHnsZnQsgwY6IQpxEMyleE=",
      "dev": true
    },
    "@webassemblyjs/helper-wasm-section": {
      "version": "1.11.1",
      "resolved": "https://registry.nlark.com/@webassemblyjs/helper-wasm-section/download/@webassemblyjs/helper-wasm-section-1.11.1.tgz?cache=0&sync_timestamp=1625473466570&other_urls=https%3A%2F%2Fregistry.nlark.com%2F%40webassemblyjs%2Fhelper-wasm-section%2Fdownload%2F%40webassemblyjs%2Fhelper-wasm-section-1.11.1.tgz",
      "integrity": "sha1-Ie4GWntjXzGec48N1zv72igcCXo=",
      "dev": true,
      "requires": {
        "@webassemblyjs/ast": "1.11.1",
        "@webassemblyjs/helper-buffer": "1.11.1",
        "@webassemblyjs/helper-wasm-bytecode": "1.11.1",
        "@webassemblyjs/wasm-gen": "1.11.1"
      }
    },
    "@webassemblyjs/ieee754": {
      "version": "1.11.1",
      "resolved": "https://registry.nlark.com/@webassemblyjs/ieee754/download/@webassemblyjs/ieee754-1.11.1.tgz?cache=0&sync_timestamp=1625473461909&other_urls=https%3A%2F%2Fregistry.nlark.com%2F%40webassemblyjs%2Fieee754%2Fdownload%2F%40webassemblyjs%2Fieee754-1.11.1.tgz",
      "integrity": "sha1-ljkp6bvQVwnn4SJDoJkYCBKZJhQ=",
      "dev": true,
      "requires": {
        "@xtuc/ieee754": "^1.2.0"
      }
    },
    "@webassemblyjs/leb128": {
      "version": "1.11.1",
      "resolved": "https://registry.nlark.com/@webassemblyjs/leb128/download/@webassemblyjs/leb128-1.11.1.tgz?cache=0&sync_timestamp=1625473463971&other_urls=https%3A%2F%2Fregistry.nlark.com%2F%40webassemblyjs%2Fleb128%2Fdownload%2F%40webassemblyjs%2Fleb128-1.11.1.tgz",
      "integrity": "sha1-zoFLRVdOk9drrh+yZEq5zdlSeqU=",
      "dev": true,
      "requires": {
        "@xtuc/long": "4.2.2"
      }
    },
    "@webassemblyjs/utf8": {
      "version": "1.11.1",
      "resolved": "https://registry.nlark.com/@webassemblyjs/utf8/download/@webassemblyjs/utf8-1.11.1.tgz?cache=0&sync_timestamp=1625473462317&other_urls=https%3A%2F%2Fregistry.nlark.com%2F%40webassemblyjs%2Futf8%2Fdownload%2F%40webassemblyjs%2Futf8-1.11.1.tgz",
      "integrity": "sha1-0fi3ZDaefG5rrjUOhU3smlnwo/8=",
      "dev": true
    },
    "@webassemblyjs/wasm-edit": {
      "version": "1.11.1",
      "resolved": "https://registry.nlark.com/@webassemblyjs/wasm-edit/download/@webassemblyjs/wasm-edit-1.11.1.tgz?cache=0&sync_timestamp=1625473468202&other_urls=https%3A%2F%2Fregistry.nlark.com%2F%40webassemblyjs%2Fwasm-edit%2Fdownload%2F%40webassemblyjs%2Fwasm-edit-1.11.1.tgz",
      "integrity": "sha1-rSBuv0v5WgWM6YgKjAksXeyBk9Y=",
      "dev": true,
      "requires": {
        "@webassemblyjs/ast": "1.11.1",
        "@webassemblyjs/helper-buffer": "1.11.1",
        "@webassemblyjs/helper-wasm-bytecode": "1.11.1",
        "@webassemblyjs/helper-wasm-section": "1.11.1",
        "@webassemblyjs/wasm-gen": "1.11.1",
        "@webassemblyjs/wasm-opt": "1.11.1",
        "@webassemblyjs/wasm-parser": "1.11.1",
        "@webassemblyjs/wast-printer": "1.11.1"
      }
    },
    "@webassemblyjs/wasm-gen": {
      "version": "1.11.1",
      "resolved": "https://registry.nlark.com/@webassemblyjs/wasm-gen/download/@webassemblyjs/wasm-gen-1.11.1.tgz?cache=0&sync_timestamp=1625473464969&other_urls=https%3A%2F%2Fregistry.nlark.com%2F%40webassemblyjs%2Fwasm-gen%2Fdownload%2F%40webassemblyjs%2Fwasm-gen-1.11.1.tgz",
      "integrity": "sha1-hsXqMEhJdZt9iMR6MvTwOa48j3Y=",
      "dev": true,
      "requires": {
        "@webassemblyjs/ast": "1.11.1",
        "@webassemblyjs/helper-wasm-bytecode": "1.11.1",
        "@webassemblyjs/ieee754": "1.11.1",
        "@webassemblyjs/leb128": "1.11.1",
        "@webassemblyjs/utf8": "1.11.1"
      }
    },
    "@webassemblyjs/wasm-opt": {
      "version": "1.11.1",
      "resolved": "https://registry.nlark.com/@webassemblyjs/wasm-opt/download/@webassemblyjs/wasm-opt-1.11.1.tgz?cache=0&sync_timestamp=1625473467198&other_urls=https%3A%2F%2Fregistry.nlark.com%2F%40webassemblyjs%2Fwasm-opt%2Fdownload%2F%40webassemblyjs%2Fwasm-opt-1.11.1.tgz",
      "integrity": "sha1-ZXtMIgL0zzs0X4pMZGHIwkGJhfI=",
      "dev": true,
      "requires": {
        "@webassemblyjs/ast": "1.11.1",
        "@webassemblyjs/helper-buffer": "1.11.1",
        "@webassemblyjs/wasm-gen": "1.11.1",
        "@webassemblyjs/wasm-parser": "1.11.1"
      }
    },
    "@webassemblyjs/wasm-parser": {
      "version": "1.11.1",
      "resolved": "https://registry.nlark.com/@webassemblyjs/wasm-parser/download/@webassemblyjs/wasm-parser-1.11.1.tgz?cache=0&sync_timestamp=1625473464593&other_urls=https%3A%2F%2Fregistry.nlark.com%2F%40webassemblyjs%2Fwasm-parser%2Fdownload%2F%40webassemblyjs%2Fwasm-parser-1.11.1.tgz",
      "integrity": "sha1-hspzRTT0F+m9PGfHocddi+QfsZk=",
      "dev": true,
      "requires": {
        "@webassemblyjs/ast": "1.11.1",
        "@webassemblyjs/helper-api-error": "1.11.1",
        "@webassemblyjs/helper-wasm-bytecode": "1.11.1",
        "@webassemblyjs/ieee754": "1.11.1",
        "@webassemblyjs/leb128": "1.11.1",
        "@webassemblyjs/utf8": "1.11.1"
      }
    },
    "@webassemblyjs/wast-printer": {
      "version": "1.11.1",
      "resolved": "https://registry.nlark.com/@webassemblyjs/wast-printer/download/@webassemblyjs/wast-printer-1.11.1.tgz?cache=0&sync_timestamp=1625473465901&other_urls=https%3A%2F%2Fregistry.nlark.com%2F%40webassemblyjs%2Fwast-printer%2Fdownload%2F%40webassemblyjs%2Fwast-printer-1.11.1.tgz",
      "integrity": "sha1-0Mc77ajuxUJvEK6O9VzuXnCEwvA=",
      "dev": true,
      "requires": {
        "@webassemblyjs/ast": "1.11.1",
        "@xtuc/long": "4.2.2"
      }
    },
    "@webpack-cli/configtest": {
      "version": "1.0.4",
      "resolved": "https://registry.nlark.com/@webpack-cli/configtest/download/@webpack-cli/configtest-1.0.4.tgz",
      "integrity": "sha1-8DzmMRwIg6g9BFaeLAPGI4MW0qo=",
      "dev": true
    },
    "@webpack-cli/info": {
      "version": "1.3.0",
      "resolved": "https://registry.nlark.com/@webpack-cli/info/download/@webpack-cli/info-1.3.0.tgz",
      "integrity": "sha1-nXijEQGpYJl6Ss1B/9m5MAYn/is=",
      "dev": true,
      "requires": {
        "envinfo": "^7.7.3"
      }
    },
    "@webpack-cli/serve": {
      "version": "1.5.2",
      "resolved": "https://registry.nlark.com/@webpack-cli/serve/download/@webpack-cli/serve-1.5.2.tgz",
      "integrity": "sha1-6lhLY3/2PFpHf28hYEtaIFtyyew=",
      "dev": true
    },
    "@xtuc/ieee754": {
      "version": "1.2.0",
      "resolved": "https://registry.nlark.com/@xtuc/ieee754/download/@xtuc/ieee754-1.2.0.tgz",
      "integrity": "sha1-7vAUoxRa5Hehy8AM0eVSM23Ot5A=",
      "dev": true
    },
    "@xtuc/long": {
      "version": "4.2.2",
      "resolved": "https://registry.nlark.com/@xtuc/long/download/@xtuc/long-4.2.2.tgz",
      "integrity": "sha1-0pHGpOl5ibXGHZrPOWrk/hM6cY0=",
      "dev": true
    },
    "acorn": {
      "version": "8.5.0",
      "resolved": "https://registry.nlark.com/acorn/download/acorn-8.5.0.tgz?cache=0&sync_timestamp=1630916591807&other_urls=https%3A%2F%2Fregistry.nlark.com%2Facorn%2Fdownload%2Facorn-8.5.0.tgz",
      "integrity": "sha1-RRLMuZs2mMdSWR6btEcuOK1DzuI=",
      "dev": true
    },
    "acorn-import-assertions": {
      "version": "1.7.6",
      "resolved": "https://registry.nlark.com/acorn-import-assertions/download/acorn-import-assertions-1.7.6.tgz?cache=0&sync_timestamp=1627907947442&other_urls=https%3A%2F%2Fregistry.nlark.com%2Facorn-import-assertions%2Fdownload%2Facorn-import-assertions-1.7.6.tgz",
      "integrity": "sha1-WA4//K5ncO6+7HbDuXIyAenQH3g=",
      "dev": true
    },
    "ajv": {
      "version": "6.12.6",
      "resolved": "https://registry.nlark.com/ajv/download/ajv-6.12.6.tgz?cache=0&sync_timestamp=1631470912358&other_urls=https%3A%2F%2Fregistry.nlark.com%2Fajv%2Fdownload%2Fajv-6.12.6.tgz",
      "integrity": "sha1-uvWmLoArB9l3A0WG+MO69a3ybfQ=",
      "dev": true,
      "requires": {
        "fast-deep-equal": "^3.1.1",
        "fast-json-stable-stringify": "^2.0.0",
        "json-schema-traverse": "^0.4.1",
        "uri-js": "^4.2.2"
      }
    },
    "ajv-keywords": {
      "version": "3.5.2",
      "resolved": "https://registry.nlark.com/ajv-keywords/download/ajv-keywords-3.5.2.tgz",
      "integrity": "sha1-MfKdpatuANHC0yms97WSlhTVAU0=",
      "dev": true
    },
    "browserslist": {
      "version": "4.17.0",
      "resolved": "https://registry.nlark.com/browserslist/download/browserslist-4.17.0.tgz?cache=0&sync_timestamp=1630836439306&other_urls=https%3A%2F%2Fregistry.nlark.com%2Fbrowserslist%2Fdownload%2Fbrowserslist-4.17.0.tgz",
      "integrity": "sha1-H82B7HW0HW1JlPsIMbkqwYwBZJw=",
      "dev": true,
      "requires": {
        "caniuse-lite": "^1.0.30001254",
        "colorette": "^1.3.0",
        "electron-to-chromium": "^1.3.830",
        "escalade": "^3.1.1",
        "node-releases": "^1.1.75"
      }
    },
    "buffer-from": {
      "version": "1.1.2",
      "resolved": "https://registry.nlark.com/buffer-from/download/buffer-from-1.1.2.tgz",
      "integrity": "sha1-KxRqb9cugLT1XSVfNe1Zo6mkG9U=",
      "dev": true
    },
    "caniuse-lite": {
      "version": "1.0.30001259",
      "resolved": "https://registry.nlark.com/caniuse-lite/download/caniuse-lite-1.0.30001259.tgz?cache=0&sync_timestamp=1632203315396&other_urls=https%3A%2F%2Fregistry.nlark.com%2Fcaniuse-lite%2Fdownload%2Fcaniuse-lite-1.0.30001259.tgz",
      "integrity": "sha1-riFpHT2pxL5hREA6xA9x2fbv15A=",
      "dev": true
    },
    "chrome-trace-event": {
      "version": "1.0.3",
      "resolved": "https://registry.nlark.com/chrome-trace-event/download/chrome-trace-event-1.0.3.tgz",
      "integrity": "sha1-EBXs7UdB4V0GZkqVfbv1DQQeJqw=",
      "dev": true
    },
    "clone-deep": {
      "version": "4.0.1",
      "resolved": "https://registry.npm.taobao.org/clone-deep/download/clone-deep-4.0.1.tgz",
      "integrity": "sha1-wZ/Zvbv4WUK0/ZechNz31fB8I4c=",
      "dev": true,
      "requires": {
        "is-plain-object": "^2.0.4",
        "kind-of": "^6.0.2",
        "shallow-clone": "^3.0.0"
      }
    },
    "colorette": {
      "version": "1.4.0",
      "resolved": "https://registry.nlark.com/colorette/download/colorette-1.4.0.tgz?cache=0&sync_timestamp=1631964901390&other_urls=https%3A%2F%2Fregistry.nlark.com%2Fcolorette%2Fdownload%2Fcolorette-1.4.0.tgz",
      "integrity": "sha1-UZD7uHJ2JZqGrXAL/yxtb6o/ykA=",
      "dev": true
    },
    "commander": {
      "version": "2.20.3",
      "resolved": "https://registry.nlark.com/commander/download/commander-2.20.3.tgz?cache=0&sync_timestamp=1631257318022&other_urls=https%3A%2F%2Fregistry.nlark.com%2Fcommander%2Fdownload%2Fcommander-2.20.3.tgz",
      "integrity": "sha1-/UhehMA+tIgcIHIrpIA16FMa6zM=",
      "dev": true
    },
    "cross-spawn": {
      "version": "7.0.3",
      "resolved": "https://registry.nlark.com/cross-spawn/download/cross-spawn-7.0.3.tgz",
      "integrity": "sha1-9zqFudXUHQRVUcF34ogtSshXKKY=",
      "dev": true,
      "requires": {
        "path-key": "^3.1.0",
        "shebang-command": "^2.0.0",
        "which": "^2.0.1"
      }
    },
    "electron-to-chromium": {
      "version": "1.3.845",
      "resolved": "https://registry.nlark.com/electron-to-chromium/download/electron-to-chromium-1.3.845.tgz",
      "integrity": "sha1-Mm074+5dLAZfaJEZ1EHJl/n9Qdg=",
      "dev": true
    },
    "enhanced-resolve": {
      "version": "5.8.3",
      "resolved": "https://registry.nlark.com/enhanced-resolve/download/enhanced-resolve-5.8.3.tgz",
      "integrity": "sha1-bVUtRlzOBCP1s9cYUR6lOCansvA=",
      "dev": true,
      "requires": {
        "graceful-fs": "^4.2.4",
        "tapable": "^2.2.0"
      }
    },
    "envinfo": {
      "version": "7.8.1",
      "resolved": "https://registry.npm.taobao.org/envinfo/download/envinfo-7.8.1.tgz?cache=0&sync_timestamp=1617673061720&other_urls=https%3A%2F%2Fregistry.npm.taobao.org%2Fenvinfo%2Fdownload%2Fenvinfo-7.8.1.tgz",
      "integrity": "sha1-Bjd+Pl9NN5/qesWS1a2JJ+DE1HU=",
      "dev": true
    },
    "es-module-lexer": {
      "version": "0.7.1",
      "resolved": "https://registry.nlark.com/es-module-lexer/download/es-module-lexer-0.7.1.tgz",
      "integrity": "sha1-wsjg9G8t8GJ0za8N0/OzPgoLJn0=",
      "dev": true
    },
    "escalade": {
      "version": "3.1.1",
      "resolved": "https://registry.nlark.com/escalade/download/escalade-3.1.1.tgz",
      "integrity": "sha1-2M/ccACWXFoBdLSoLqpcBVJ0LkA=",
      "dev": true
    },
    "eslint-scope": {
      "version": "5.1.1",
      "resolved": "https://registry.nlark.com/eslint-scope/download/eslint-scope-5.1.1.tgz",
      "integrity": "sha1-54blmmbLkrP2wfsNUIqrF0hI9Iw=",
      "dev": true,
      "requires": {
        "esrecurse": "^4.3.0",
        "estraverse": "^4.1.1"
      }
    },
    "esrecurse": {
      "version": "4.3.0",
      "resolved": "https://registry.nlark.com/esrecurse/download/esrecurse-4.3.0.tgz",
      "integrity": "sha1-eteWTWeauyi+5yzsY3WLHF0smSE=",
      "dev": true,
      "requires": {
        "estraverse": "^5.2.0"
      },
      "dependencies": {
        "estraverse": {
          "version": "5.2.0",
          "resolved": "https://registry.nlark.com/estraverse/download/estraverse-5.2.0.tgz",
          "integrity": "sha1-MH30JUfmzHMk088DwVXVzbjFOIA=",
          "dev": true
        }
      }
    },
    "estraverse": {
      "version": "4.3.0",
      "resolved": "https://registry.nlark.com/estraverse/download/estraverse-4.3.0.tgz",
      "integrity": "sha1-OYrT88WiSUi+dyXoPRGn3ijNvR0=",
      "dev": true
    },
    "events": {
      "version": "3.3.0",
      "resolved": "https://registry.npm.taobao.org/events/download/events-3.3.0.tgz",
      "integrity": "sha1-Mala0Kkk4tLEGagTrrLE6HjqdAA=",
      "dev": true
    },
    "execa": {
      "version": "5.1.1",
      "resolved": "https://registry.nlark.com/execa/download/execa-5.1.1.tgz",
      "integrity": "sha1-+ArZy/Qpj3vR1MlVXCHpN0HEEd0=",
      "dev": true,
      "requires": {
        "cross-spawn": "^7.0.3",
        "get-stream": "^6.0.0",
        "human-signals": "^2.1.0",
        "is-stream": "^2.0.0",
        "merge-stream": "^2.0.0",
        "npm-run-path": "^4.0.1",
        "onetime": "^5.1.2",
        "signal-exit": "^3.0.3",
        "strip-final-newline": "^2.0.0"
      }
    },
    "fast-deep-equal": {
      "version": "3.1.3",
      "resolved": "https://registry.nlark.com/fast-deep-equal/download/fast-deep-equal-3.1.3.tgz",
      "integrity": "sha1-On1WtVnWy8PrUSMlJE5hmmXGxSU=",
      "dev": true
    },
    "fast-json-stable-stringify": {
      "version": "2.1.0",
      "resolved": "https://registry.nlark.com/fast-json-stable-stringify/download/fast-json-stable-stringify-2.1.0.tgz",
      "integrity": "sha1-h0v2nG9ATCtdmcSBNBOZ/VWJJjM=",
      "dev": true
    },
    "fastest-levenshtein": {
      "version": "1.0.12",
      "resolved": "https://registry.nlark.com/fastest-levenshtein/download/fastest-levenshtein-1.0.12.tgz",
      "integrity": "sha1-mZD306iMxan/0fF0V0UlFwDUl+I=",
      "dev": true
    },
    "find-up": {
      "version": "4.1.0",
      "resolved": "https://registry.nlark.com/find-up/download/find-up-4.1.0.tgz",
      "integrity": "sha1-l6/n1s3AvFkoWEt8jXsW6KmqXRk=",
      "dev": true,
      "requires": {
        "locate-path": "^5.0.0",
        "path-exists": "^4.0.0"
      }
    },
    "function-bind": {
      "version": "1.1.1",
      "resolved": "https://registry.nlark.com/function-bind/download/function-bind-1.1.1.tgz",
      "integrity": "sha1-pWiZ0+o8m6uHS7l3O3xe3pL0iV0=",
      "dev": true
    },
    "get-stream": {
      "version": "6.0.1",
      "resolved": "https://registry.nlark.com/get-stream/download/get-stream-6.0.1.tgz",
      "integrity": "sha1-omLY7vZ6ztV8KFKtYWdSakPL97c=",
      "dev": true
    },
    "glob-to-regexp": {
      "version": "0.4.1",
      "resolved": "https://registry.npm.taobao.org/glob-to-regexp/download/glob-to-regexp-0.4.1.tgz",
      "integrity": "sha1-x1KXCHyFG5pXi9IX3VmpL1n+VG4=",
      "dev": true
    },
    "graceful-fs": {
      "version": "4.2.8",
      "resolved": "https://registry.nlark.com/graceful-fs/download/graceful-fs-4.2.8.tgz",
      "integrity": "sha1-5BK40z9eAGWTy9PO5t+fLOu+gCo=",
      "dev": true
    },
    "has": {
      "version": "1.0.3",
      "resolved": "https://registry.nlark.com/has/download/has-1.0.3.tgz",
      "integrity": "sha1-ci18v8H2qoJB8W3YFOAR4fQeh5Y=",
      "dev": true,
      "requires": {
        "function-bind": "^1.1.1"
      }
    },
    "has-flag": {
      "version": "4.0.0",
      "resolved": "https://registry.nlark.com/has-flag/download/has-flag-4.0.0.tgz",
      "integrity": "sha1-lEdx/ZyByBJlxNaUGGDaBrtZR5s=",
      "dev": true
    },
    "human-signals": {
      "version": "2.1.0",
      "resolved": "https://registry.nlark.com/human-signals/download/human-signals-2.1.0.tgz",
      "integrity": "sha1-3JH8ukLk0G5Kuu0zs+ejwC9RTqA=",
      "dev": true
    },
    "import-local": {
      "version": "3.0.2",
      "resolved": "https://registry.nlark.com/import-local/download/import-local-3.0.2.tgz",
      "integrity": "sha1-qM/QQx0d5KIZlwPQA+PmI2T6bbY=",
      "dev": true,
      "requires": {
        "pkg-dir": "^4.2.0",
        "resolve-cwd": "^3.0.0"
      }
    },
    "interpret": {
      "version": "2.2.0",
      "resolved": "https://registry.nlark.com/interpret/download/interpret-2.2.0.tgz",
      "integrity": "sha1-GnigtZZcQKVBbQB61vUK0nxBffk=",
      "dev": true
    },
    "is-core-module": {
      "version": "2.6.0",
      "resolved": "https://registry.nlark.com/is-core-module/download/is-core-module-2.6.0.tgz?cache=0&sync_timestamp=1629224758563&other_urls=https%3A%2F%2Fregistry.nlark.com%2Fis-core-module%2Fdownload%2Fis-core-module-2.6.0.tgz",
      "integrity": "sha1-11U7JSb+Wbkro+QMjfdX7Ipwnhk=",
      "dev": true,
      "requires": {
        "has": "^1.0.3"
      }
    },
    "is-plain-object": {
      "version": "2.0.4",
      "resolved": "https://registry.nlark.com/is-plain-object/download/is-plain-object-2.0.4.tgz",
      "integrity": "sha1-LBY7P6+xtgbZ0Xko8FwqHDjgdnc=",
      "dev": true,
      "requires": {
        "isobject": "^3.0.1"
      }
    },
    "is-stream": {
      "version": "2.0.1",
      "resolved": "https://registry.nlark.com/is-stream/download/is-stream-2.0.1.tgz?cache=0&sync_timestamp=1628592856164&other_urls=https%3A%2F%2Fregistry.nlark.com%2Fis-stream%2Fdownload%2Fis-stream-2.0.1.tgz",
      "integrity": "sha1-+sHj1TuXrVqdCunO8jifWBClwHc=",
      "dev": true
    },
    "isexe": {
      "version": "2.0.0",
      "resolved": "https://registry.nlark.com/isexe/download/isexe-2.0.0.tgz",
      "integrity": "sha1-6PvzdNxVb/iUehDcsFctYz8s+hA=",
      "dev": true
    },
    "isobject": {
      "version": "3.0.1",
      "resolved": "https://registry.nlark.com/isobject/download/isobject-3.0.1.tgz",
      "integrity": "sha1-TkMekrEalzFjaqH5yNHMvP2reN8=",
      "dev": true
    },
    "jest-worker": {
      "version": "27.2.0",
      "resolved": "https://registry.nlark.com/jest-worker/download/jest-worker-27.2.0.tgz?cache=0&sync_timestamp=1631520421179&other_urls=https%3A%2F%2Fregistry.nlark.com%2Fjest-worker%2Fdownload%2Fjest-worker-27.2.0.tgz",
      "integrity": "sha1-Ee7znxyI9BOEyiNcL0j+ULwim8A=",
      "dev": true,
      "requires": {
        "@types/node": "*",
        "merge-stream": "^2.0.0",
        "supports-color": "^8.0.0"
      }
    },
    "json-parse-better-errors": {
      "version": "1.0.2",
      "resolved": "https://registry.nlark.com/json-parse-better-errors/download/json-parse-better-errors-1.0.2.tgz",
      "integrity": "sha1-u4Z8+zRQ5pEHwTHRxRS6s9yLyqk=",
      "dev": true
    },
    "json-schema-traverse": {
      "version": "0.4.1",
      "resolved": "https://registry.nlark.com/json-schema-traverse/download/json-schema-traverse-0.4.1.tgz",
      "integrity": "sha1-afaofZUTq4u4/mO9sJecRI5oRmA=",
      "dev": true
    },
    "kind-of": {
      "version": "6.0.3",
      "resolved": "https://registry.nlark.com/kind-of/download/kind-of-6.0.3.tgz",
      "integrity": "sha1-B8BQNKbDSfoG4k+jWqdttFgM5N0=",
      "dev": true
    },
    "loader-runner": {
      "version": "4.2.0",
      "resolved": "https://registry.nlark.com/loader-runner/download/loader-runner-4.2.0.tgz",
      "integrity": "sha1-1wIjgNZtFMX7HUlriYZOvP1Hg4Q=",
      "dev": true
    },
    "locate-path": {
      "version": "5.0.0",
      "resolved": "https://registry.nlark.com/locate-path/download/locate-path-5.0.0.tgz?cache=0&sync_timestamp=1629895618224&other_urls=https%3A%2F%2Fregistry.nlark.com%2Flocate-path%2Fdownload%2Flocate-path-5.0.0.tgz",
      "integrity": "sha1-Gvujlq/WdqbUJQTQpno6frn2KqA=",
      "dev": true,
      "requires": {
        "p-locate": "^4.1.0"
      }
    },
    "merge-stream": {
      "version": "2.0.0",
      "resolved": "https://registry.nlark.com/merge-stream/download/merge-stream-2.0.0.tgz",
      "integrity": "sha1-UoI2KaFN0AyXcPtq1H3GMQ8sH2A=",
      "dev": true
    },
    "mime-db": {
      "version": "1.49.0",
      "resolved": "https://registry.nlark.com/mime-db/download/mime-db-1.49.0.tgz?cache=0&sync_timestamp=1631863111146&other_urls=https%3A%2F%2Fregistry.nlark.com%2Fmime-db%2Fdownload%2Fmime-db-1.49.0.tgz",
      "integrity": "sha1-89/eYMmenPO8lwHWh3ePU3ABy+0=",
      "dev": true
    },
    "mime-types": {
      "version": "2.1.32",
      "resolved": "https://registry.nlark.com/mime-types/download/mime-types-2.1.32.tgz",
      "integrity": "sha1-HQDonn3n/gIAjbYQAdngKFJnD9U=",
      "dev": true,
      "requires": {
        "mime-db": "1.49.0"
      }
    },
    "mimic-fn": {
      "version": "2.1.0",
      "resolved": "https://registry.nlark.com/mimic-fn/download/mimic-fn-2.1.0.tgz",
      "integrity": "sha1-ftLCzMyvhNP/y3pptXcR/CCDQBs=",
      "dev": true
    },
    "neo-async": {
      "version": "2.6.2",
      "resolved": "https://registry.npm.taobao.org/neo-async/download/neo-async-2.6.2.tgz",
      "integrity": "sha1-tKr7k+OustgXTKU88WOrfXMIMF8=",
      "dev": true
    },
    "node-releases": {
      "version": "1.1.76",
      "resolved": "https://registry.nlark.com/node-releases/download/node-releases-1.1.76.tgz?cache=0&sync_timestamp=1632151407523&other_urls=https%3A%2F%2Fregistry.nlark.com%2Fnode-releases%2Fdownload%2Fnode-releases-1.1.76.tgz",
      "integrity": "sha1-3yRbBisMr71SgqtnkvfczC2X824=",
      "dev": true
    },
    "npm-run-path": {
      "version": "4.0.1",
      "resolved": "https://registry.nlark.com/npm-run-path/download/npm-run-path-4.0.1.tgz",
      "integrity": "sha1-t+zR5e1T2o43pV4cImnguX7XSOo=",
      "dev": true,
      "requires": {
        "path-key": "^3.0.0"
      }
    },
    "onetime": {
      "version": "5.1.2",
      "resolved": "https://registry.nlark.com/onetime/download/onetime-5.1.2.tgz",
      "integrity": "sha1-0Oluu1awdHbfHdnEgG5SN5hcpF4=",
      "dev": true,
      "requires": {
        "mimic-fn": "^2.1.0"
      }
    },
    "p-limit": {
      "version": "3.1.0",
      "resolved": "https://registry.nlark.com/p-limit/download/p-limit-3.1.0.tgz?cache=0&sync_timestamp=1628812766275&other_urls=https%3A%2F%2Fregistry.nlark.com%2Fp-limit%2Fdownload%2Fp-limit-3.1.0.tgz",
      "integrity": "sha1-4drMvnjQ0TiMoYxk/qOOPlfjcGs=",
      "dev": true,
      "requires": {
        "yocto-queue": "^0.1.0"
      }
    },
    "p-locate": {
      "version": "4.1.0",
      "resolved": "https://registry.nlark.com/p-locate/download/p-locate-4.1.0.tgz?cache=0&sync_timestamp=1629892761309&other_urls=https%3A%2F%2Fregistry.nlark.com%2Fp-locate%2Fdownload%2Fp-locate-4.1.0.tgz",
      "integrity": "sha1-o0KLtwiLOmApL2aRkni3wpetTwc=",
      "dev": true,
      "requires": {
        "p-limit": "^2.2.0"
      },
      "dependencies": {
        "p-limit": {
          "version": "2.3.0",
          "resolved": "https://registry.nlark.com/p-limit/download/p-limit-2.3.0.tgz?cache=0&sync_timestamp=1628812766275&other_urls=https%3A%2F%2Fregistry.nlark.com%2Fp-limit%2Fdownload%2Fp-limit-2.3.0.tgz",
          "integrity": "sha1-PdM8ZHohT9//2DWTPrCG2g3CHbE=",
          "dev": true,
          "requires": {
            "p-try": "^2.0.0"
          }
        }
      }
    },
    "p-try": {
      "version": "2.2.0",
      "resolved": "https://registry.nlark.com/p-try/download/p-try-2.2.0.tgz",
      "integrity": "sha1-yyhoVA4xPWHeWPr741zpAE1VQOY=",
      "dev": true
    },
    "path-exists": {
      "version": "4.0.0",
      "resolved": "https://registry.nlark.com/path-exists/download/path-exists-4.0.0.tgz?cache=0&sync_timestamp=1628765027018&other_urls=https%3A%2F%2Fregistry.nlark.com%2Fpath-exists%2Fdownload%2Fpath-exists-4.0.0.tgz",
      "integrity": "sha1-UTvb4tO5XXdi6METfvoZXGxhtbM=",
      "dev": true
    },
    "path-key": {
      "version": "3.1.1",
      "resolved": "https://registry.nlark.com/path-key/download/path-key-3.1.1.tgz",
      "integrity": "sha1-WB9q3mWMu6ZaDTOA3ndTKVBU83U=",
      "dev": true
    },
    "path-parse": {
      "version": "1.0.7",
      "resolved": "https://registry.nlark.com/path-parse/download/path-parse-1.0.7.tgz",
      "integrity": "sha1-+8EUtgykKzDZ2vWFjkvWi77bZzU=",
      "dev": true
    },
    "pkg-dir": {
      "version": "4.2.0",
      "resolved": "https://registry.nlark.com/pkg-dir/download/pkg-dir-4.2.0.tgz",
      "integrity": "sha1-8JkTPfft5CLoHR2ESCcO6z5CYfM=",
      "dev": true,
      "requires": {
        "find-up": "^4.0.0"
      }
    },
    "punycode": {
      "version": "2.1.1",
      "resolved": "https://registry.nlark.com/punycode/download/punycode-2.1.1.tgz",
      "integrity": "sha1-tYsBCsQMIsVldhbI0sLALHv0eew=",
      "dev": true
    },
    "randombytes": {
      "version": "2.1.0",
      "resolved": "https://registry.nlark.com/randombytes/download/randombytes-2.1.0.tgz",
      "integrity": "sha1-32+ENy8CcNxlzfYpE0mrekc9Tyo=",
      "dev": true,
      "requires": {
        "safe-buffer": "^5.1.0"
      }
    },
    "rechoir": {
      "version": "0.7.1",
      "resolved": "https://registry.nlark.com/rechoir/download/rechoir-0.7.1.tgz?cache=0&other_urls=https%3A%2F%2Fregistry.nlark.com%2Frechoir%2Fdownload%2Frechoir-0.7.1.tgz",
      "integrity": "sha1-lHipahyhNbXoj8An8D7pLWxkVoY=",
      "dev": true,
      "requires": {
        "resolve": "^1.9.0"
      }
    },
    "resolve": {
      "version": "1.20.0",
      "resolved": "https://registry.nlark.com/resolve/download/resolve-1.20.0.tgz",
      "integrity": "sha1-YpoBP7P3B1XW8LeTXMHCxTeLGXU=",
      "dev": true,
      "requires": {
        "is-core-module": "^2.2.0",
        "path-parse": "^1.0.6"
      }
    },
    "resolve-cwd": {
      "version": "3.0.0",
      "resolved": "https://registry.nlark.com/resolve-cwd/download/resolve-cwd-3.0.0.tgz",
      "integrity": "sha1-DwB18bslRHZs9zumpuKt/ryxPy0=",
      "dev": true,
      "requires": {
        "resolve-from": "^5.0.0"
      }
    },
    "resolve-from": {
      "version": "5.0.0",
      "resolved": "https://registry.nlark.com/resolve-from/download/resolve-from-5.0.0.tgz",
      "integrity": "sha1-w1IlhD3493bfIcV1V7wIfp39/Gk=",
      "dev": true
    },
    "safe-buffer": {
      "version": "5.2.1",
      "resolved": "https://registry.nlark.com/safe-buffer/download/safe-buffer-5.2.1.tgz",
      "integrity": "sha1-Hq+fqb2x/dTsdfWPnNtOa3gn7sY=",
      "dev": true
    },
    "schema-utils": {
      "version": "3.1.1",
      "resolved": "https://registry.nlark.com/schema-utils/download/schema-utils-3.1.1.tgz?cache=0&sync_timestamp=1626694800155&other_urls=https%3A%2F%2Fregistry.nlark.com%2Fschema-utils%2Fdownload%2Fschema-utils-3.1.1.tgz",
      "integrity": "sha1-vHTEtraZXB2I92qLd76nIZ4MgoE=",
      "dev": true,
      "requires": {
        "@types/json-schema": "^7.0.8",
        "ajv": "^6.12.5",
        "ajv-keywords": "^3.5.2"
      }
    },
    "serialize-javascript": {
      "version": "6.0.0",
      "resolved": "https://registry.nlark.com/serialize-javascript/download/serialize-javascript-6.0.0.tgz",
      "integrity": "sha1-765diPRdeSQUHai1w6en5mP+/rg=",
      "dev": true,
      "requires": {
        "randombytes": "^2.1.0"
      }
    },
    "shallow-clone": {
      "version": "3.0.1",
      "resolved": "https://registry.nlark.com/shallow-clone/download/shallow-clone-3.0.1.tgz",
      "integrity": "sha1-jymBrZJTH1UDWwH7IwdppA4C76M=",
      "dev": true,
      "requires": {
        "kind-of": "^6.0.2"
      }
    },
    "shebang-command": {
      "version": "2.0.0",
      "resolved": "https://registry.nlark.com/shebang-command/download/shebang-command-2.0.0.tgz",
      "integrity": "sha1-zNCvT4g1+9wmW4JGGq8MNmY/NOo=",
      "dev": true,
      "requires": {
        "shebang-regex": "^3.0.0"
      }
    },
    "shebang-regex": {
      "version": "3.0.0",
      "resolved": "https://registry.nlark.com/shebang-regex/download/shebang-regex-3.0.0.tgz?cache=0&sync_timestamp=1628896304371&other_urls=https%3A%2F%2Fregistry.nlark.com%2Fshebang-regex%2Fdownload%2Fshebang-regex-3.0.0.tgz",
      "integrity": "sha1-rhbxZE2HPsrYQ7AwexQzYtTEIXI=",
      "dev": true
    },
    "signal-exit": {
      "version": "3.0.4",
      "resolved": "https://registry.nlark.com/signal-exit/download/signal-exit-3.0.4.tgz",
      "integrity": "sha1-NmpGhNF1ucqyCB42gf2jdHtsUdc=",
      "dev": true
    },
    "source-map": {
      "version": "0.6.1",
      "resolved": "https://registry.nlark.com/source-map/download/source-map-0.6.1.tgz",
      "integrity": "sha1-dHIq8y6WFOnCh6jQu95IteLxomM=",
      "dev": true
    },
    "source-map-support": {
      "version": "0.5.20",
      "resolved": "https://registry.nlark.com/source-map-support/download/source-map-support-0.5.20.tgz",
      "integrity": "sha1-EhZgifj15ejFaSazd2Mzkt0stsk=",
      "dev": true,
      "requires": {
        "buffer-from": "^1.0.0",
        "source-map": "^0.6.0"
      }
    },
    "strip-final-newline": {
      "version": "2.0.0",
      "resolved": "https://registry.nlark.com/strip-final-newline/download/strip-final-newline-2.0.0.tgz",
      "integrity": "sha1-ibhS+y/L6Tb29LMYevsKEsGrWK0=",
      "dev": true
    },
    "supports-color": {
      "version": "8.1.1",
      "resolved": "https://registry.nlark.com/supports-color/download/supports-color-8.1.1.tgz?cache=0&sync_timestamp=1626703400240&other_urls=https%3A%2F%2Fregistry.nlark.com%2Fsupports-color%2Fdownload%2Fsupports-color-8.1.1.tgz",
      "integrity": "sha1-zW/BfihQDP9WwbhsCn/UpUpzAFw=",
      "dev": true,
      "requires": {
        "has-flag": "^4.0.0"
      }
    },
    "tapable": {
      "version": "2.2.1",
      "resolved": "https://registry.nlark.com/tapable/download/tapable-2.2.1.tgz",
      "integrity": "sha1-GWenPvQGCoLxKrlq+G1S/bdu7KA=",
      "dev": true
    },
    "terser": {
      "version": "5.14.2",
      "resolved": "https://registry.npmjs.org/terser/-/terser-5.14.2.tgz",
      "integrity": "sha512-oL0rGeM/WFQCUd0y2QrWxYnq7tfSuKBiqTjRPWrRgB46WD/kiwHwF8T23z78H6Q6kGCuuHcPB+KULHRdxvVGQA==",
      "dev": true,
      "requires": {
        "@jridgewell/source-map": "^0.3.2",
        "acorn": "^8.5.0",
        "commander": "^2.20.0",
        "source-map-support": "~0.5.20"
      }
    },
    "terser-webpack-plugin": {
      "version": "5.2.4",
      "resolved": "https://registry.nlark.com/terser-webpack-plugin/download/terser-webpack-plugin-5.2.4.tgz?cache=0&sync_timestamp=1631202322859&other_urls=https%3A%2F%2Fregistry.nlark.com%2Fterser-webpack-plugin%2Fdownload%2Fterser-webpack-plugin-5.2.4.tgz",
      "integrity": "sha1-rRvnY5scvj6kn6uZXL5yJLMXR6E=",
      "dev": true,
      "requires": {
        "jest-worker": "^27.0.6",
        "p-limit": "^3.1.0",
        "schema-utils": "^3.1.1",
        "serialize-javascript": "^6.0.0",
        "source-map": "^0.6.1",
        "terser": "^5.7.2"
      }
    },
    "uri-js": {
      "version": "4.4.1",
      "resolved": "https://registry.nlark.com/uri-js/download/uri-js-4.4.1.tgz",
      "integrity": "sha1-mxpSWVIlhZ5V9mnZKPiMbFfyp34=",
      "dev": true,
      "requires": {
        "punycode": "^2.1.0"
      }
    },
    "v8-compile-cache": {
      "version": "2.3.0",
      "resolved": "https://registry.nlark.com/v8-compile-cache/download/v8-compile-cache-2.3.0.tgz",
      "integrity": "sha1-LeGWGMZtwkfc+2+ZM4A12CRaLO4=",
      "dev": true
    },
    "watchpack": {
      "version": "2.2.0",
      "resolved": "https://registry.nlark.com/watchpack/download/watchpack-2.2.0.tgz?cache=0&other_urls=https%3A%2F%2Fregistry.nlark.com%2Fwatchpack%2Fdownload%2Fwatchpack-2.2.0.tgz",
      "integrity": "sha1-R9ePVBX+VQ7NdA+Z/iiCMjpYsc4=",
      "dev": true,
      "requires": {
        "glob-to-regexp": "^0.4.1",
        "graceful-fs": "^4.1.2"
      }
    },
    "webpack": {
      "version": "5.53.0",
      "resolved": "https://registry.nlark.com/webpack/download/webpack-5.53.0.tgz",
      "integrity": "sha1-9GPNnG/BNWrkubeskR/R9bLfhq8=",
      "dev": true,
      "requires": {
        "@types/eslint-scope": "^3.7.0",
        "@types/estree": "^0.0.50",
        "@webassemblyjs/ast": "1.11.1",
        "@webassemblyjs/wasm-edit": "1.11.1",
        "@webassemblyjs/wasm-parser": "1.11.1",
        "acorn": "^8.4.1",
        "acorn-import-assertions": "^1.7.6",
        "browserslist": "^4.14.5",
        "chrome-trace-event": "^1.0.2",
        "enhanced-resolve": "^5.8.0",
        "es-module-lexer": "^0.7.1",
        "eslint-scope": "5.1.1",
        "events": "^3.2.0",
        "glob-to-regexp": "^0.4.1",
        "graceful-fs": "^4.2.4",
        "json-parse-better-errors": "^1.0.2",
        "loader-runner": "^4.2.0",
        "mime-types": "^2.1.27",
        "neo-async": "^2.6.2",
        "schema-utils": "^3.1.0",
        "tapable": "^2.1.1",
        "terser-webpack-plugin": "^5.1.3",
        "watchpack": "^2.2.0",
        "webpack-sources": "^3.2.0"
      }
    },
    "webpack-cli": {
      "version": "4.8.0",
      "resolved": "https://registry.nlark.com/webpack-cli/download/webpack-cli-4.8.0.tgz",
      "integrity": "sha1-X8PIuUAdPIpD4q/OrPqCYZYjONE=",
      "dev": true,
      "requires": {
        "@discoveryjs/json-ext": "^0.5.0",
        "@webpack-cli/configtest": "^1.0.4",
        "@webpack-cli/info": "^1.3.0",
        "@webpack-cli/serve": "^1.5.2",
        "colorette": "^1.2.1",
        "commander": "^7.0.0",
        "execa": "^5.0.0",
        "fastest-levenshtein": "^1.0.12",
        "import-local": "^3.0.2",
        "interpret": "^2.2.0",
        "rechoir": "^0.7.0",
        "v8-compile-cache": "^2.2.0",
        "webpack-merge": "^5.7.3"
      },
      "dependencies": {
        "commander": {
          "version": "7.2.0",
          "resolved": "https://registry.nlark.com/commander/download/commander-7.2.0.tgz?cache=0&sync_timestamp=1631257318022&other_urls=https%3A%2F%2Fregistry.nlark.com%2Fcommander%2Fdownload%2Fcommander-7.2.0.tgz",
          "integrity": "sha1-o2y1fQtQHOEI5NIFWaFQo5HZerc=",
          "dev": true
        }
      }
    },
    "webpack-merge": {
      "version": "5.8.0",
      "resolved": "https://registry.nlark.com/webpack-merge/download/webpack-merge-5.8.0.tgz",
      "integrity": "sha1-Kznb8ir4d3atdEw5AiNzHTCmj2E=",
      "dev": true,
      "requires": {
        "clone-deep": "^4.0.1",
        "wildcard": "^2.0.0"
      }
    },
    "webpack-sources": {
      "version": "3.2.1",
      "resolved": "https://registry.nlark.com/webpack-sources/download/webpack-sources-3.2.1.tgz?cache=0&sync_timestamp=1631547057681&other_urls=https%3A%2F%2Fregistry.nlark.com%2Fwebpack-sources%2Fdownload%2Fwebpack-sources-3.2.1.tgz",
      "integrity": "sha1-JRp9lyDXWtoUacoH27YvNkGgW20=",
      "dev": true
    },
    "which": {
      "version": "2.0.2",
      "resolved": "https://registry.nlark.com/which/download/which-2.0.2.tgz",
      "integrity": "sha1-fGqN0KY2oDJ+ELWckobu6T8/UbE=",
      "dev": true,
      "requires": {
        "isexe": "^2.0.0"
      }
    },
    "wildcard": {
      "version": "2.0.0",
      "resolved": "https://registry.npm.taobao.org/wildcard/download/wildcard-2.0.0.tgz",
      "integrity": "sha1-p30g5SAMb6qsl55LOq3Hs91/j+w=",
      "dev": true
    },
    "yocto-queue": {
      "version": "0.1.0",
      "resolved": "https://registry.nlark.com/yocto-queue/download/yocto-queue-0.1.0.tgz",
      "integrity": "sha1-ApTrPe4FAo0x7hpfosVWpqrxChs=",
      "dev": true
    }
  }
}
